
Microsoft Visual Studio Solution File, Format Version 12.00
# Visual Studio 2013
VisualStudioVersion = 12.0.31101.0
MinimumVisualStudioVersion = 10.0.40219.1
Project("{00D1A9C2-B5F0-4AF3-8072-F6C62B433612}") = "MBMS.DB", "MBMS.DB\MBMS.DB.sqlproj", "{49BE5B25-C75B-4ED0-A783-0528592A0569}"
EndProject
Project("{FAE04EC0-301F-11D3-BF4B-00C04F79EFBC}") = "MBMS.Data", "MBMS.Data\MBMS.Data.csproj", "{954D6ADC-1BB4-48E9-B693-7917225EF7DE}"
EndProject
Project("{FAE04EC0-301F-11D3-BF4B-00C04F79EFBC}") = "MBMS.Service", "MBMS.Service\MBMS.Service.csproj", "{A57452DD-36BD-4CD4-94A5-7F65014F9D0D}"
EndProject
Project("{FAE04EC0-301F-11D3-BF4B-00C04F79EFBC}") = "MBMS.Website", "MBMS.Website\MBMS.Website.csproj", "{DC9C493B-D365-4AD9-A877-D93B1876EF79}"
EndProject
Global
	GlobalSection(SolutionConfigurationPlatforms) = preSolution
		Debug|Any CPU = Debug|Any CPU
		Release|Any CPU = Release|Any CPU
	EndGlobalSection
	GlobalSection(ProjectConfigurationPlatforms) = postSolution
		{49BE5B25-C75B-4ED0-A783-0528592A0569}.Debug|Any CPU.ActiveCfg = Debug|Any CPU
		{49BE5B25-C75B-4ED0-A783-0528592A0569}.Debug|Any CPU.Build.0 = Debug|Any CPU
		{49BE5B25-C75B-4ED0-A783-0528592A0569}.Debug|Any CPU.Deploy.0 = Debug|Any CPU
		{49BE5B25-C75B-4ED0-A783-0528592A0569}.Release|Any CPU.ActiveCfg = Release|Any CPU
		{49BE5B25-C75B-4ED0-A783-0528592A0569}.Release|Any CPU.Build.0 = Release|Any CPU
		{49BE5B25-C75B-4ED0-A783-0528592A0569}.Release|Any CPU.Deploy.0 = Release|Any CPU
		{954D6ADC-1BB4-48E9-B693-7917225EF7DE}.Debug|Any CPU.ActiveCfg = Debug|Any CPU
		{954D6ADC-1BB4-48E9-B693-7917225EF7DE}.Debug|Any CPU.Build.0 = Debug|Any CPU
		{954D6ADC-1BB4-48E9-B693-7917225EF7DE}.Release|Any CPU.ActiveCfg = Release|Any CPU
		{954D6ADC-1BB4-48E9-B693-7917225EF7DE}.Release|Any CPU.Build.0 = Release|Any CPU
		{A57452DD-36BD-4CD4-94A5-7F65014F9D0D}.Debug|Any CPU.ActiveCfg = Debug|Any CPU
		{A57452DD-36BD-4CD4-94A5-7F65014F9D0D}.Debug|Any CPU.Build.0 = Debug|Any CPU
		{A57452DD-36BD-4CD4-94A5-7F65014F9D0D}.Release|Any CPU.ActiveCfg = Release|Any CPU
		{A57452DD-36BD-4CD4-94A5-7F65014F9D0D}.Release|Any CPU.Build.0 = Release|Any CPU
		{DC9C493B-D365-4AD9-A877-D93B1876EF79}.Debug|Any CPU.ActiveCfg = Debug|Any CPU
		{DC9C493B-D365-4AD9-A877-D93B1876EF79}.Debug|Any CPU.Build.0 = Debug|Any CPU
		{DC9C493B-D365-4AD9-A877-D93B1876EF79}.Release|Any CPU.ActiveCfg = Release|Any CPU
		{DC9C493B-D365-4AD9-A877-D93B1876EF79}.Release|Any CPU.Build.0 = Release|Any CPU
	EndGlobalSection
	GlobalSection(SolutionProperties) = preSolution
		HideSolutionNode = FALSE
	EndGlobalSection
EndGlobal
